// !$*UTF8*$!
{
	archiveVersion = 1;
	classes = {
	};
	objectVersion = 56;
	objects = {

/* Begin PBXBuildFile section */
		A88410202B17E9BA00AF9236 /* PalatePalListController.swift in Sources */ = {isa = PBXBuildFile; fileRef = A884101F2B17E9BA00AF9236 /* PalatePalListController.swift */; };
		A88410222B1C204A00AF9236 /* tomato.png in Resources */ = {isa = PBXBuildFile; fileRef = A88410212B1C204A00AF9236 /* tomato.png */; };
		A88410262B1C510400AF9236 /* GroceryMapViewController.swift in Sources */ = {isa = PBXBuildFile; fileRef = A88410252B1C510400AF9236 /* GroceryMapViewController.swift */; };
		A8AD81592AD746E4007E9DF4 /* AppDelegate.swift in Sources */ = {isa = PBXBuildFile; fileRef = A8AD81582AD746E4007E9DF4 /* AppDelegate.swift */; };
		A8AD815B2AD746E4007E9DF4 /* SceneDelegate.swift in Sources */ = {isa = PBXBuildFile; fileRef = A8AD815A2AD746E4007E9DF4 /* SceneDelegate.swift */; };
		A8AD815D2AD746E4007E9DF4 /* ViewController.swift in Sources */ = {isa = PBXBuildFile; fileRef = A8AD815C2AD746E4007E9DF4 /* ViewController.swift */; };
		A8AD81602AD746E4007E9DF4 /* Main.storyboard in Resources */ = {isa = PBXBuildFile; fileRef = A8AD815E2AD746E4007E9DF4 /* Main.storyboard */; };
		A8AD81622AD746E6007E9DF4 /* Assets.xcassets in Resources */ = {isa = PBXBuildFile; fileRef = A8AD81612AD746E6007E9DF4 /* Assets.xcassets */; };
		A8AD81652AD746E6007E9DF4 /* LaunchScreen.storyboard in Resources */ = {isa = PBXBuildFile; fileRef = A8AD81632AD746E6007E9DF4 /* LaunchScreen.storyboard */; };
		A8AD81702AD746E6007E9DF4 /* PalatePalTests.swift in Sources */ = {isa = PBXBuildFile; fileRef = A8AD816F2AD746E6007E9DF4 /* PalatePalTests.swift */; };
		A8AD817A2AD746E6007E9DF4 /* PalatePalUITests.swift in Sources */ = {isa = PBXBuildFile; fileRef = A8AD81792AD746E6007E9DF4 /* PalatePalUITests.swift */; };
		A8AD817C2AD746E6007E9DF4 /* PalatePalUITestsLaunchTests.swift in Sources */ = {isa = PBXBuildFile; fileRef = A8AD817B2AD746E6007E9DF4 /* PalatePalUITestsLaunchTests.swift */; };
		A8AD81A12AD875B1007E9DF4 /* PalatePal.swift in Sources */ = {isa = PBXBuildFile; fileRef = A8AD81A02AD875B1007E9DF4 /* PalatePal.swift */; };
		A8AD81AD2ADB7C53007E9DF4 /* munching.mp3 in Resources */ = {isa = PBXBuildFile; fileRef = A8AD81AC2ADB7C53007E9DF4 /* munching.mp3 */; };
/* End PBXBuildFile section */

/* Begin PBXContainerItemProxy section */
		A8AD816C2AD746E6007E9DF4 /* PBXContainerItemProxy */ = {
			isa = PBXContainerItemProxy;
			containerPortal = A8AD814D2AD746E4007E9DF4 /* Project object */;
			proxyType = 1;
			remoteGlobalIDString = A8AD81542AD746E4007E9DF4;
			remoteInfo = PalatePal;
		};
		A8AD81762AD746E6007E9DF4 /* PBXContainerItemProxy */ = {
			isa = PBXContainerItemProxy;
			containerPortal = A8AD814D2AD746E4007E9DF4 /* Project object */;
			proxyType = 1;
			remoteGlobalIDString = A8AD81542AD746E4007E9DF4;
			remoteInfo = PalatePal;
		};
/* End PBXContainerItemProxy section */

/* Begin PBXFileReference section */
		A884101F2B17E9BA00AF9236 /* PalatePalListController.swift */ = {isa = PBXFileReference; lastKnownFileType = sourcecode.swift; path = PalatePalListController.swift; sourceTree = "<group>"; };
		A88410212B1C204A00AF9236 /* tomato.png */ = {isa = PBXFileReference; lastKnownFileType = image.png; path = tomato.png; sourceTree = "<group>"; };
		A88410252B1C510400AF9236 /* GroceryMapViewController.swift */ = {isa = PBXFileReference; lastKnownFileType = sourcecode.swift; path = GroceryMapViewController.swift; sourceTree = "<group>"; };
		A8AD81552AD746E4007E9DF4 /* PalatePal.app */ = {isa = PBXFileReference; explicitFileType = wrapper.application; includeInIndex = 0; path = PalatePal.app; sourceTree = BUILT_PRODUCTS_DIR; };
		A8AD81582AD746E4007E9DF4 /* AppDelegate.swift */ = {isa = PBXFileReference; lastKnownFileType = sourcecode.swift; path = AppDelegate.swift; sourceTree = "<group>"; };
		A8AD815A2AD746E4007E9DF4 /* SceneDelegate.swift */ = {isa = PBXFileReference; lastKnownFileType = sourcecode.swift; path = SceneDelegate.swift; sourceTree = "<group>"; };
		A8AD815C2AD746E4007E9DF4 /* ViewController.swift */ = {isa = PBXFileReference; lastKnownFileType = sourcecode.swift; path = ViewController.swift; sourceTree = "<group>"; };
		A8AD815F2AD746E4007E9DF4 /* Base */ = {isa = PBXFileReference; lastKnownFileType = file.storyboard; name = Base; path = Base.lproj/Main.storyboard; sourceTree = "<group>"; };
		A8AD81612AD746E6007E9DF4 /* Assets.xcassets */ = {isa = PBXFileReference; lastKnownFileType = folder.assetcatalog; path = Assets.xcassets; sourceTree = "<group>"; };
		A8AD81642AD746E6007E9DF4 /* Base */ = {isa = PBXFileReference; lastKnownFileType = file.storyboard; name = Base; path = Base.lproj/LaunchScreen.storyboard; sourceTree = "<group>"; };
		A8AD81662AD746E6007E9DF4 /* Info.plist */ = {isa = PBXFileReference; lastKnownFileType = text.plist.xml; path = Info.plist; sourceTree = "<group>"; };
		A8AD816B2AD746E6007E9DF4 /* PalatePalTests.xctest */ = {isa = PBXFileReference; explicitFileType = wrapper.cfbundle; includeInIndex = 0; path = PalatePalTests.xctest; sourceTree = BUILT_PRODUCTS_DIR; };
		A8AD816F2AD746E6007E9DF4 /* PalatePalTests.swift */ = {isa = PBXFileReference; lastKnownFileType = sourcecode.swift; path = PalatePalTests.swift; sourceTree = "<group>"; };
		A8AD81752AD746E6007E9DF4 /* PalatePalUITests.xctest */ = {isa = PBXFileReference; explicitFileType = wrapper.cfbundle; includeInIndex = 0; path = PalatePalUITests.xctest; sourceTree = BUILT_PRODUCTS_DIR; };
		A8AD81792AD746E6007E9DF4 /* PalatePalUITests.swift */ = {isa = PBXFileReference; lastKnownFileType = sourcecode.swift; path = PalatePalUITests.swift; sourceTree = "<group>"; };
		A8AD817B2AD746E6007E9DF4 /* PalatePalUITestsLaunchTests.swift */ = {isa = PBXFileReference; lastKnownFileType = sourcecode.swift; path = PalatePalUITestsLaunchTests.swift; sourceTree = "<group>"; };
		A8AD81A02AD875B1007E9DF4 /* PalatePal.swift */ = {isa = PBXFileReference; lastKnownFileType = sourcecode.swift; path = PalatePal.swift; sourceTree = "<group>"; };
		A8AD81AC2ADB7C53007E9DF4 /* munching.mp3 */ = {isa = PBXFileReference; lastKnownFileType = audio.mp3; path = munching.mp3; sourceTree = "<group>"; };
/* End PBXFileReference section */

/* Begin PBXFrameworksBuildPhase section */
		A8AD81522AD746E4007E9DF4 /* Frameworks */ = {
			isa = PBXFrameworksBuildPhase;
			buildActionMask = 2147483647;
			files = (
			);
			runOnlyForDeploymentPostprocessing = 0;
		};
		A8AD81682AD746E6007E9DF4 /* Frameworks */ = {
			isa = PBXFrameworksBuildPhase;
			buildActionMask = 2147483647;
			files = (
			);
			runOnlyForDeploymentPostprocessing = 0;
		};
		A8AD81722AD746E6007E9DF4 /* Frameworks */ = {
			isa = PBXFrameworksBuildPhase;
			buildActionMask = 2147483647;
			files = (
			);
			runOnlyForDeploymentPostprocessing = 0;
		};
/* End PBXFrameworksBuildPhase section */

/* Begin PBXGroup section */
		A8AD814C2AD746E4007E9DF4 = {
			isa = PBXGroup;
			children = (
				A8AD81572AD746E4007E9DF4 /* PalatePal */,
				A8AD816E2AD746E6007E9DF4 /* PalatePalTests */,
				A8AD81782AD746E6007E9DF4 /* PalatePalUITests */,
				A8AD81562AD746E4007E9DF4 /* Products */,
			);
			sourceTree = "<group>";
		};
		A8AD81562AD746E4007E9DF4 /* Products */ = {
			isa = PBXGroup;
			children = (
				A8AD81552AD746E4007E9DF4 /* PalatePal.app */,
				A8AD816B2AD746E6007E9DF4 /* PalatePalTests.xctest */,
				A8AD81752AD746E6007E9DF4 /* PalatePalUITests.xctest */,
			);
			name = Products;
			sourceTree = "<group>";
		};
		A8AD81572AD746E4007E9DF4 /* PalatePal */ = {
			isa = PBXGroup;
			children = (
				A88410212B1C204A00AF9236 /* tomato.png */,
				A8AD81AC2ADB7C53007E9DF4 /* munching.mp3 */,
				A8AD81582AD746E4007E9DF4 /* AppDelegate.swift */,
				A8AD815A2AD746E4007E9DF4 /* SceneDelegate.swift */,
				A8AD815C2AD746E4007E9DF4 /* ViewController.swift */,
				A8AD815E2AD746E4007E9DF4 /* Main.storyboard */,
				A8AD81612AD746E6007E9DF4 /* Assets.xcassets */,
				A8AD81632AD746E6007E9DF4 /* LaunchScreen.storyboard */,
				A8AD81662AD746E6007E9DF4 /* Info.plist */,
				A8AD81A02AD875B1007E9DF4 /* PalatePal.swift */,
				A88410252B1C510400AF9236 /* GroceryMapViewController.swift */,
				A884101F2B17E9BA00AF9236 /* PalatePalListController.swift */,
			);
			path = PalatePal;
			sourceTree = "<group>";
		};
		A8AD816E2AD746E6007E9DF4 /* PalatePalTests */ = {
			isa = PBXGroup;
			children = (
				A8AD816F2AD746E6007E9DF4 /* PalatePalTests.swift */,
			);
			path = PalatePalTests;
			sourceTree = "<group>";
		};
		A8AD81782AD746E6007E9DF4 /* PalatePalUITests */ = {
			isa = PBXGroup;
			children = (
				A8AD81792AD746E6007E9DF4 /* PalatePalUITests.swift */,
				A8AD817B2AD746E6007E9DF4 /* PalatePalUITestsLaunchTests.swift */,
			);
			path = PalatePalUITests;
			sourceTree = "<group>";
		};
/* End PBXGroup section */

/* Begin PBXNativeTarget section */
		A8AD81542AD746E4007E9DF4 /* PalatePal */ = {
			isa = PBXNativeTarget;
			buildConfigurationList = A8AD817F2AD746E6007E9DF4 /* Build configuration list for PBXNativeTarget "PalatePal" */;
			buildPhases = (
				A8AD81512AD746E4007E9DF4 /* Sources */,
				A8AD81522AD746E4007E9DF4 /* Frameworks */,
				A8AD81532AD746E4007E9DF4 /* Resources */,
			);
			buildRules = (
			);
			dependencies = (
			);
			name = PalatePal;
			productName = PalatePal;
			productReference = A8AD81552AD746E4007E9DF4 /* PalatePal.app */;
			productType = "com.apple.product-type.application";
		};
		A8AD816A2AD746E6007E9DF4 /* PalatePalTests */ = {
			isa = PBXNativeTarget;
			buildConfigurationList = A8AD81822AD746E6007E9DF4 /* Build configuration list for PBXNativeTarget "PalatePalTests" */;
			buildPhases = (
				A8AD81672AD746E6007E9DF4 /* Sources */,
				A8AD81682AD746E6007E9DF4 /* Frameworks */,
				A8AD81692AD746E6007E9DF4 /* Resources */,
			);
			buildRules = (
			);
			dependencies = (
				A8AD816D2AD746E6007E9DF4 /* PBXTargetDependency */,
			);
			name = PalatePalTests;
			productName = PalatePalTests;
			productReference = A8AD816B2AD746E6007E9DF4 /* PalatePalTests.xctest */;
			productType = "com.apple.product-type.bundle.unit-test";
		};
		A8AD81742AD746E6007E9DF4 /* PalatePalUITests */ = {
			isa = PBXNativeTarget;
			buildConfigurationList = A8AD81852AD746E6007E9DF4 /* Build configuration list for PBXNativeTarget "PalatePalUITests" */;
			buildPhases = (
				A8AD81712AD746E6007E9DF4 /* Sources */,
				A8AD81722AD746E6007E9DF4 /* Frameworks */,
				A8AD81732AD746E6007E9DF4 /* Resources */,
			);
			buildRules = (
			);
			dependencies = (
				A8AD81772AD746E6007E9DF4 /* PBXTargetDependency */,
			);
			name = PalatePalUITests;
			productName = PalatePalUITests;
			productReference = A8AD81752AD746E6007E9DF4 /* PalatePalUITests.xctest */;
			productType = "com.apple.product-type.bundle.ui-testing";
		};
/* End PBXNativeTarget section */

/* Begin PBXProject section */
		A8AD814D2AD746E4007E9DF4 /* Project object */ = {
			isa = PBXProject;
			attributes = {
				BuildIndependentTargetsInParallel = 1;
				LastSwiftUpdateCheck = 1430;
				LastUpgradeCheck = 1430;
				TargetAttributes = {
					A8AD81542AD746E4007E9DF4 = {
						CreatedOnToolsVersion = 14.3.1;
					};
					A8AD816A2AD746E6007E9DF4 = {
						CreatedOnToolsVersion = 14.3.1;
						TestTargetID = A8AD81542AD746E4007E9DF4;
					};
					A8AD81742AD746E6007E9DF4 = {
						CreatedOnToolsVersion = 14.3.1;
						TestTargetID = A8AD81542AD746E4007E9DF4;
					};
				};
			};
			buildConfigurationList = A8AD81502AD746E4007E9DF4 /* Build configuration list for PBXProject "PalatePal" */;
			compatibilityVersion = "Xcode 14.0";
			developmentRegion = en;
			hasScannedForEncodings = 0;
			knownRegions = (
				en,
				Base,
			);
			mainGroup = A8AD814C2AD746E4007E9DF4;
			productRefGroup = A8AD81562AD746E4007E9DF4 /* Products */;
			projectDirPath = "";
			projectRoot = "";
			targets = (
				A8AD81542AD746E4007E9DF4 /* PalatePal */,
				A8AD816A2AD746E6007E9DF4 /* PalatePalTests */,
				A8AD81742AD746E6007E9DF4 /* PalatePalUITests */,
			);
		};
/* End PBXProject section */

/* Begin PBXResourcesBuildPhase section */
		A8AD81532AD746E4007E9DF4 /* Resources */ = {
			isa = PBXResourcesBuildPhase;
			buildActionMask = 2147483647;
			files = (
				A88410222B1C204A00AF9236 /* tomato.png in Resources */,
				A8AD81652AD746E6007E9DF4 /* LaunchScreen.storyboard in Resources */,
				A8AD81AD2ADB7C53007E9DF4 /* munching.mp3 in Resources */,
				A8AD81622AD746E6007E9DF4 /* Assets.xcassets in Resources */,
				A8AD81602AD746E4007E9DF4 /* Main.storyboard in Resources */,
			);
			runOnlyForDeploymentPostprocessing = 0;
		};
		A8AD81692AD746E6007E9DF4 /* Resources */ = {
			isa = PBXResourcesBuildPhase;
			buildActionMask = 2147483647;
			files = (
			);
			runOnlyForDeploymentPostprocessing = 0;
		};
		A8AD81732AD746E6007E9DF4 /* Resources */ = {
			isa = PBXResourcesBuildPhase;
			buildActionMask = 2147483647;
			files = (
			);
			runOnlyForDeploymentPostprocessing = 0;
		};
/* End PBXResourcesBuildPhase section */

/* Begin PBXSourcesBuildPhase section */
		A8AD81512AD746E4007E9DF4 /* Sources */ = {
			isa = PBXSourcesBuildPhase;
			buildActionMask = 2147483647;
			files = (
				A8AD815D2AD746E4007E9DF4 /* ViewController.swift in Sources */,
				A88410262B1C510400AF9236 /* GroceryMapViewController.swift in Sources */,
				A8AD81592AD746E4007E9DF4 /* AppDelegate.swift in Sources */,
				A8AD81A12AD875B1007E9DF4 /* PalatePal.swift in Sources */,
				A8AD815B2AD746E4007E9DF4 /* SceneDelegate.swift in Sources */,
				A88410202B17E9BA00AF9236 /* PalatePalListController.swift in Sources */,
			);
			runOnlyForDeploymentPostprocessing = 0;
		};
		A8AD81672AD746E6007E9DF4 /* Sources */ = {
			isa = PBXSourcesBuildPhase;
			buildActionMask = 2147483647;
			files = (
				A8AD81702AD746E6007E9DF4 /* PalatePalTests.swift in Sources */,
			);
			runOnlyForDeploymentPostprocessing = 0;
		};
		A8AD81712AD746E6007E9DF4 /* Sources */ = {
			isa = PBXSourcesBuildPhase;
			buildActionMask = 2147483647;
			files = (
				A8AD817A2AD746E6007E9DF4 /* PalatePalUITests.swift in Sources */,
				A8AD817C2AD746E6007E9DF4 /* PalatePalUITestsLaunchTests.swift in Sources */,
			);
			runOnlyForDeploymentPostprocessing = 0;
		};
/* End PBXSourcesBuildPhase section */

/* Begin PBXTargetDependency section */
		A8AD816D2AD746E6007E9DF4 /* PBXTargetDependency */ = {
			isa = PBXTargetDependency;
			target = A8AD81542AD746E4007E9DF4 /* PalatePal */;
			targetProxy = A8AD816C2AD746E6007E9DF4 /* PBXContainerItemProxy */;
		};
		A8AD81772AD746E6007E9DF4 /* PBXTargetDependency */ = {
			isa = PBXTargetDependency;
			target = A8AD81542AD746E4007E9DF4 /* PalatePal */;
			targetProxy = A8AD81762AD746E6007E9DF4 /* PBXContainerItemProxy */;
		};
/* End PBXTargetDependency section */

/* Begin PBXVariantGroup section */
		A8AD815E2AD746E4007E9DF4 /* Main.storyboard */ = {
			isa = PBXVariantGroup;
			children = (
				A8AD815F2AD746E4007E9DF4 /* Base */,
			);
			name = Main.storyboard;
			sourceTree = "<group>";
		};
		A8AD81632AD746E6007E9DF4 /* LaunchScreen.storyboard */ = {
			isa = PBXVariantGroup;
			children = (
				A8AD81642AD746E6007E9DF4 /* Base */,
			);
			name = LaunchScreen.storyboard;
			sourceTree = "<group>";
		};
/* End PBXVariantGroup section */

/* Begin XCBuildConfiguration section */
		A8AD817D2AD746E6007E9DF4 /* Debug */ = {
			isa = XCBuildConfiguration;
			buildSettings = {
				ALWAYS_SEARCH_USER_PATHS = NO;
				CLANG_ANALYZER_NONNULL = YES;
				CLANG_ANALYZER_NUMBER_OBJECT_CONVERSION = YES_AGGRESSIVE;
				CLANG_CXX_LANGUAGE_STANDARD = "gnu++20";
				CLANG_ENABLE_MODULES = YES;
				CLANG_ENABLE_OBJC_ARC = YES;
				CLANG_ENABLE_OBJC_WEAK = YES;
				CLANG_WARN_BLOCK_CAPTURE_AUTORELEASING = YES;
				CLANG_WARN_BOOL_CONVERSION = YES;
				CLANG_WARN_COMMA = YES;
				CLANG_WARN_CONSTANT_CONVERSION = YES;
				CLANG_WARN_DEPRECATED_OBJC_IMPLEMENTATIONS = YES;
				CLANG_WARN_DIRECT_OBJC_ISA_USAGE = YES_ERROR;
				CLANG_WARN_DOCUMENTATION_COMMENTS = YES;
				CLANG_WARN_EMPTY_BODY = YES;
				CLANG_WARN_ENUM_CONVERSION = YES;
				CLANG_WARN_INFINITE_RECURSION = YES;
				CLANG_WARN_INT_CONVERSION = YES;
				CLANG_WARN_NON_LITERAL_NULL_CONVERSION = YES;
				CLANG_WARN_OBJC_IMPLICIT_RETAIN_SELF = YES;
				CLANG_WARN_OBJC_LITERAL_CONVERSION = YES;
				CLANG_WARN_OBJC_ROOT_CLASS = YES_ERROR;
				CLANG_WARN_QUOTED_INCLUDE_IN_FRAMEWORK_HEADER = YES;
				CLANG_WARN_RANGE_LOOP_ANALYSIS = YES;
				CLANG_WARN_STRICT_PROTOTYPES = YES;
				CLANG_WARN_SUSPICIOUS_MOVE = YES;
				CLANG_WARN_UNGUARDED_AVAILABILITY = YES_AGGRESSIVE;
				CLANG_WARN_UNREACHABLE_CODE = YES;
				CLANG_WARN__DUPLICATE_METHOD_MATCH = YES;
				COPY_PHASE_STRIP = NO;
				DEBUG_INFORMATION_FORMAT = dwarf;
				ENABLE_STRICT_OBJC_MSGSEND = YES;
				ENABLE_TESTABILITY = YES;
				GCC_C_LANGUAGE_STANDARD = gnu11;
				GCC_DYNAMIC_NO_PIC = NO;
				GCC_NO_COMMON_BLOCKS = YES;
				GCC_OPTIMIZATION_LEVEL = 0;
				GCC_PREPROCESSOR_DEFINITIONS = (
					"DEBUG=1",
					"$(inherited)",
				);
				GCC_WARN_64_TO_32_BIT_CONVERSION = YES;
				GCC_WARN_ABOUT_RETURN_TYPE = YES_ERROR;
				GCC_WARN_UNDECLARED_SELECTOR = YES;
				GCC_WARN_UNINITIALIZED_AUTOS = YES_AGGRESSIVE;
				GCC_WARN_UNUSED_FUNCTION = YES;
				GCC_WARN_UNUSED_VARIABLE = YES;
				IPHONEOS_DEPLOYMENT_TARGET = 16.4;
				MTL_ENABLE_DEBUG_INFO = INCLUDE_SOURCE;
				MTL_FAST_MATH = YES;
				ONLY_ACTIVE_ARCH = YES;
				SDKROOT = iphoneos;
				SWIFT_ACTIVE_COMPILATION_CONDITIONS = DEBUG;
				SWIFT_OPTIMIZATION_LEVEL = "-Onone";
			};
			name = Debug;
		};
		A8AD817E2AD746E6007E9DF4 /* Release */ = {
			isa = XCBuildConfiguration;
			buildSettings = {
				ALWAYS_SEARCH_USER_PATHS = NO;
				CLANG_ANALYZER_NONNULL = YES;
				CLANG_ANALYZER_NUMBER_OBJECT_CONVERSION = YES_AGGRESSIVE;
				CLANG_CXX_LANGUAGE_STANDARD = "gnu++20";
				CLANG_ENABLE_MODULES = YES;
				CLANG_ENABLE_OBJC_ARC = YES;
				CLANG_ENABLE_OBJC_WEAK = YES;
				CLANG_WARN_BLOCK_CAPTURE_AUTORELEASING = YES;
				CLANG_WARN_BOOL_CONVERSION = YES;
				CLANG_WARN_COMMA = YES;
				CLANG_WARN_CONSTANT_CONVERSION = YES;
				CLANG_WARN_DEPRECATED_OBJC_IMPLEMENTATIONS = YES;
				CLANG_WARN_DIRECT_OBJC_ISA_USAGE = YES_ERROR;
				CLANG_WARN_DOCUMENTATION_COMMENTS = YES;
				CLANG_WARN_EMPTY_BODY = YES;
				CLANG_WARN_ENUM_CONVERSION = YES;
				CLANG_WARN_INFINITE_RECURSION = YES;
				CLANG_WARN_INT_CONVERSION = YES;
				CLANG_WARN_NON_LITERAL_NULL_CONVERSION = YES;
				CLANG_WARN_OBJC_IMPLICIT_RETAIN_SELF = YES;
				CLANG_WARN_OBJC_LITERAL_CONVERSION = YES;
				CLANG_WARN_OBJC_ROOT_CLASS = YES_ERROR;
				CLANG_WARN_QUOTED_INCLUDE_IN_FRAMEWORK_HEADER = YES;
				CLANG_WARN_RANGE_LOOP_ANALYSIS = YES;
				CLANG_WARN_STRICT_PROTOTYPES = YES;
				CLANG_WARN_SUSPICIOUS_MOVE = YES;
				CLANG_WARN_UNGUARDED_AVAILABILITY = YES_AGGRESSIVE;
				CLANG_WARN_UNREACHABLE_CODE = YES;
				CLANG_WARN__DUPLICATE_METHOD_MATCH = YES;
				COPY_PHASE_STRIP = NO;
				DEBUG_INFORMATION_FORMAT = "dwarf-with-dsym";
				ENABLE_NS_ASSERTIONS = NO;
				ENABLE_STRICT_OBJC_MSGSEND = YES;
				GCC_C_LANGUAGE_STANDARD = gnu11;
				GCC_NO_COMMON_BLOCKS = YES;
				GCC_WARN_64_TO_32_BIT_CONVERSION = YES;
				GCC_WARN_ABOUT_RETURN_TYPE = YES_ERROR;
				GCC_WARN_UNDECLARED_SELECTOR = YES;
				GCC_WARN_UNINITIALIZED_AUTOS = YES_AGGRESSIVE;
				GCC_WARN_UNUSED_FUNCTION = YES;
				GCC_WARN_UNUSED_VARIABLE = YES;
				IPHONEOS_DEPLOYMENT_TARGET = 16.4;
				MTL_ENABLE_DEBUG_INFO = NO;
				MTL_FAST_MATH = YES;
				SDKROOT = iphoneos;
				SWIFT_COMPILATION_MODE = wholemodule;
				SWIFT_OPTIMIZATION_LEVEL = "-O";
				VALIDATE_PRODUCT = YES;
			};
			name = Release;
		};
		A8AD81802AD746E6007E9DF4 /* Debug */ = {
			isa = XCBuildConfiguration;
			buildSettings = {
				ASSETCATALOG_COMPILER_APPICON_NAME = AppIcon;
				ASSETCATALOG_COMPILER_GLOBAL_ACCENT_COLOR_NAME = AccentColor;
				CODE_SIGN_STYLE = Automatic;
				CURRENT_PROJECT_VERSION = 1;
				DEVELOPMENT_TEAM = 7F8Y2ZC5ML;
				GENERATE_INFOPLIST_FILE = YES;
				INFOPLIST_FILE = PalatePal/Info.plist;
				INFOPLIST_KEY_UIApplicationSupportsIndirectInputEvents = YES;
				INFOPLIST_KEY_UILaunchStoryboardName = LaunchScreen;
				INFOPLIST_KEY_UIMainStoryboardFile = Main;
				INFOPLIST_KEY_UISupportedInterfaceOrientations_iPad = "UIInterfaceOrientationPortrait UIInterfaceOrientationPortraitUpsideDown UIInterfaceOrientationLandscapeLeft UIInterfaceOrientationLandscapeRight";
				INFOPLIST_KEY_UISupportedInterfaceOrientations_iPhone = "UIInterfaceOrientationPortrait UIInterfaceOrientationLandscapeLeft UIInterfaceOrientationLandscapeRight";
				LD_RUNPATH_SEARCH_PATHS = (
					"$(inherited)",
					"@executable_path/Frameworks",
				);
				MARKETING_VERSION = 1.0;
				PRODUCT_BUNDLE_IDENTIFIER = amal.gmu.PalatePal;
				PRODUCT_NAME = "$(TARGET_NAME)";
				SWIFT_EMIT_LOC_STRINGS = YES;
				SWIFT_VERSION = 5.0;
				TARGETED_DEVICE_FAMILY = "1,2";
			};
			name = Debug;
		};
		A8AD81812AD746E6007E9DF4 /* Release */ = {
			isa = XCBuildConfiguration;
			buildSettings = {
				ASSETCATALOG_COMPILER_APPICON_NAME = AppIcon;
				ASSETCATALOG_COMPILER_GLOBAL_ACCENT_COLOR_NAME = AccentColor;
				CODE_SIGN_STYLE = Automatic;
				CURRENT_PROJECT_VERSION = 1;
				DEVELOPMENT_TEAM = 7F8Y2ZC5ML;
				GENERATE_INFOPLIST_FILE = YES;
				INFOPLIST_FILE = PalatePal/Info.plist;
				INFOPLIST_KEY_UIApplicationSupportsIndirectInputEvents = YES;
				INFOPLIST_KEY_UILaunchStoryboardName = LaunchScreen;
				INFOPLIST_KEY_UIMainStoryboardFile = Main;
				INFOPLIST_KEY_UISupportedInterfaceOrientations_iPad = "UIInterfaceOrientationPortrait UIInterfaceOrientationPortraitUpsideDown UIInterfaceOrientationLandscapeLeft UIInterfaceOrientationLandscapeRight";
				INFOPLIST_KEY_UISupportedInterfaceOrientations_iPhone = "UIInterfaceOrientationPortrait UIInterfaceOrientationLandscapeLeft UIInterfaceOrientationLandscapeRight";
				LD_RUNPATH_SEARCH_PATHS = (
					"$(inherited)",
					"@executable_path/Frameworks",
				);
				MARKETING_VERSION = 1.0;
				PRODUCT_BUNDLE_IDENTIFIER = amal.gmu.PalatePal;
				PRODUCT_NAME = "$(TARGET_NAME)";
				SWIFT_EMIT_LOC_STRINGS = YES;
				SWIFT_VERSION = 5.0;
				TARGETED_DEVICE_FAMILY = "1,2";
			};
			name = Release;
		};
		A8AD81832AD746E6007E9DF4 /* Debug */ = {
			isa = XCBuildConfiguration;
			buildSettings = {
				ALWAYS_EMBED_SWIFT_STANDARD_LIBRARIES = YES;
				BUNDLE_LOADER = "$(TEST_HOST)";
				CODE_SIGN_STYLE = Automatic;
				CURRENT_PROJECT_VERSION = 1;
				DEVELOPMENT_TEAM = 7F8Y2ZC5ML;
				GENERATE_INFOPLIST_FILE = YES;
				IPHONEOS_DEPLOYMENT_TARGET = 16.4;
				MARKETING_VERSION = 1.0;
				PRODUCT_BUNDLE_IDENTIFIER = amal.gmu.PalatePalTests;
				PRODUCT_NAME = "$(TARGET_NAME)";
				SWIFT_EMIT_LOC_STRINGS = NO;
				SWIFT_VERSION = 5.0;
				TARGETED_DEVICE_FAMILY = "1,2";
				TEST_HOST = "$(BUILT_PRODUCTS_DIR)/PalatePal.app/$(BUNDLE_EXECUTABLE_FOLDER_PATH)/PalatePal";
			};
			name = Debug;
		};
		A8AD81842AD746E6007E9DF4 /* Release */ = {
			isa = XCBuildConfiguration;
			buildSettings = {
				ALWAYS_EMBED_SWIFT_STANDARD_LIBRARIES = YES;
				BUNDLE_LOADER = "$(TEST_HOST)";
				CODE_SIGN_STYLE = Automatic;
				CURRENT_PROJECT_VERSION = 1;
				DEVELOPMENT_TEAM = 7F8Y2ZC5ML;
				GENERATE_INFOPLIST_FILE = YES;
				IPHONEOS_DEPLOYMENT_TARGET = 16.4;
				MARKETING_VERSION = 1.0;
				PRODUCT_BUNDLE_IDENTIFIER = amal.gmu.PalatePalTests;
				PRODUCT_NAME = "$(TARGET_NAME)";
				SWIFT_EMIT_LOC_STRINGS = NO;
				SWIFT_VERSION = 5.0;
				TARGETED_DEVICE_FAMILY = "1,2";
				TEST_HOST = "$(BUILT_PRODUCTS_DIR)/PalatePal.app/$(BUNDLE_EXECUTABLE_FOLDER_PATH)/PalatePal";
			};
			name = Release;
		};
		A8AD81862AD746E6007E9DF4 /* Debug */ = {
			isa = XCBuildConfiguration;
			buildSettings = {
				ALWAYS_EMBED_SWIFT_STANDARD_LIBRARIES = YES;
				CODE_SIGN_STYLE = Automatic;
				CURRENT_PROJECT_VERSION = 1;
				DEVELOPMENT_TEAM = 7F8Y2ZC5ML;
				GENERATE_INFOPLIST_FILE = YES;
				MARKETING_VERSION = 1.0;
				PRODUCT_BUNDLE_IDENTIFIER = amal.gmu.PalatePalUITests;
				PRODUCT_NAME = "$(TARGET_NAME)";
				SWIFT_EMIT_LOC_STRINGS = NO;
				SWIFT_VERSION = 5.0;
				TARGETED_DEVICE_FAMILY = "1,2";
				TEST_TARGET_NAME = PalatePal;
			};
			name = Debug;
		};
		A8AD81872AD746E6007E9DF4 /* Release */ = {
			isa = XCBuildConfiguration;
			buildSettings = {
				ALWAYS_EMBED_SWIFT_STANDARD_LIBRARIES = YES;
				CODE_SIGN_STYLE = Automatic;
				CURRENT_PROJECT_VERSION = 1;
				DEVELOPMENT_TEAM = 7F8Y2ZC5ML;
				GENERATE_INFOPLIST_FILE = YES;
				MARKETING_VERSION = 1.0;
				PRODUCT_BUNDLE_IDENTIFIER = amal.gmu.PalatePalUITests;
				PRODUCT_NAME = "$(TARGET_NAME)";
				SWIFT_EMIT_LOC_STRINGS = NO;
				SWIFT_VERSION = 5.0;
				TARGETED_DEVICE_FAMILY = "1,2";
				TEST_TARGET_NAME = PalatePal;
			};
			name = Release;
		};
/* End XCBuildConfiguration section */

/* Begin XCConfigurationList section */
		A8AD81502AD746E4007E9DF4 /* Build configuration list for PBXProject "PalatePal" */ = {
			isa = XCConfigurationList;
			buildConfigurations = (
				A8AD817D2AD746E6007E9DF4 /* Debug */,
				A8AD817E2AD746E6007E9DF4 /* Release */,
			);
			defaultConfigurationIsVisible = 0;
			defaultConfigurationName = Release;
		};
		A8AD817F2AD746E6007E9DF4 /* Build configuration list for PBXNativeTarget "PalatePal" */ = {
			isa = XCConfigurationList;
			buildConfigurations = (
				A8AD81802AD746E6007E9DF4 /* Debug */,
				A8AD81812AD746E6007E9DF4 /* Release */,
			);
			defaultConfigurationIsVisible = 0;
			defaultConfigurationName = Release;
		};
		A8AD81822AD746E6007E9DF4 /* Build configuration list for PBXNativeTarget "PalatePalTests" */ = {
			isa = XCConfigurationList;
			buildConfigurations = (
				A8AD81832AD746E6007E9DF4 /* Debug */,
				A8AD81842AD746E6007E9DF4 /* Release */,
			);
			defaultConfigurationIsVisible = 0;
			defaultConfigurationName = Release;
		};
		A8AD81852AD746E6007E9DF4 /* Build configuration list for PBXNativeTarget "PalatePalUITests" */ = {
			isa = XCConfigurationList;
			buildConfigurations = (
				A8AD81862AD746E6007E9DF4 /* Debug */,
				A8AD81872AD746E6007E9DF4 /* Release */,
			);
			defaultConfigurationIsVisible = 0;
			defaultConfigurationName = Release;
		};
/* End XCConfigurationList section */
	};
	rootObject = A8AD814D2AD746E4007E9DF4 /* Project object */;
}
